// !$*UTF8*$!
{
	archiveVersion = 1;
	classes = {
	};
	objectVersion = 50;
	objects = {

/* Begin PBXBuildFile section */
		E10E5233227CB2A000501EDF /* AppDelegate.swift in Sources */ = {isa = PBXBuildFile; fileRef = E10E5232227CB2A000501EDF /* AppDelegate.swift */; };
		E10E5235227CB2A100501EDF /* ViewController.swift in Sources */ = {isa = PBXBuildFile; fileRef = E10E5234227CB2A100501EDF /* ViewController.swift */; };
		E10E5238227CB2A100501EDF /* Main.storyboard in Resources */ = {isa = PBXBuildFile; fileRef = E10E5236227CB2A100501EDF /* Main.storyboard */; };
		E10E523A227CB2A400501EDF /* Assets.xcassets in Resources */ = {isa = PBXBuildFile; fileRef = E10E5239227CB2A400501EDF /* Assets.xcassets */; };
		E10E523D227CB2A400501EDF /* LaunchScreen.storyboard in Resources */ = {isa = PBXBuildFile; fileRef = E10E523B227CB2A400501EDF /* LaunchScreen.storyboard */; };
		E148F1F522D65ABC00D35395 /* NewsItem.swift in Sources */ = {isa = PBXBuildFile; fileRef = E148F1F422D65ABC00D35395 /* NewsItem.swift */; };
		E148F1F722D6615400D35395 /* NewsItemTableViewCell.swift in Sources */ = {isa = PBXBuildFile; fileRef = E148F1F622D6615400D35395 /* NewsItemTableViewCell.swift */; };
/* End PBXBuildFile section */

/* Begin PBXFileReference section */
		E10E522F227CB2A000501EDF /* StretchyHeader.app */ = {isa = PBXFileReference; explicitFileType = wrapper.application; includeInIndex = 0; path = StretchyHeader.app; sourceTree = BUILT_PRODUCTS_DIR; };
		E10E5232227CB2A000501EDF /* AppDelegate.swift */ = {isa = PBXFileReference; lastKnownFileType = sourcecode.swift; path = AppDelegate.swift; sourceTree = "<group>"; };
		E10E5234227CB2A100501EDF /* ViewController.swift */ = {isa = PBXFileReference; lastKnownFileType = sourcecode.swift; path = ViewController.swift; sourceTree = "<group>"; };
		E10E5237227CB2A100501EDF /* Base */ = {isa = PBXFileReference; lastKnownFileType = file.storyboard; name = Base; path = Base.lproj/Main.storyboard; sourceTree = "<group>"; };
		E10E5239227CB2A400501EDF /* Assets.xcassets */ = {isa = PBXFileReference; lastKnownFileType = folder.assetcatalog; path = Assets.xcassets; sourceTree = "<group>"; };
		E10E523C227CB2A400501EDF /* Base */ = {isa = PBXFileReference; lastKnownFileType = file.storyboard; name = Base; path = Base.lproj/LaunchScreen.storyboard; sourceTree = "<group>"; };
		E10E523E227CB2A400501EDF /* Info.plist */ = {isa = PBXFileReference; lastKnownFileType = text.plist.xml; path = Info.plist; sourceTree = "<group>"; };
		E148F1F422D65ABC00D35395 /* NewsItem.swift */ = {isa = PBXFileReference; lastKnownFileType = sourcecode.swift; path = NewsItem.swift; sourceTree = "<group>"; };
		E148F1F622D6615400D35395 /* NewsItemTableViewCell.swift */ = {isa = PBXFileReference; lastKnownFileType = sourcecode.swift; path = NewsItemTableViewCell.swift; sourceTree = "<group>"; };
/* End PBXFileReference section */

/* Begin PBXFrameworksBuildPhase section */
		E10E522C227CB2A000501EDF /* Frameworks */ = {
			isa = PBXFrameworksBuildPhase;
			buildActionMask = 2147483647;
			files = (
			);
			runOnlyForDeploymentPostprocessing = 0;
		};
/* End PBXFrameworksBuildPhase section */

/* Begin PBXGroup section */
		E10E5226227CB2A000501EDF = {
			isa = PBXGroup;
			children = (
				E10E5231227CB2A000501EDF /* StretchyHeader */,
				E10E5230227CB2A000501EDF /* Products */,
			);
			sourceTree = "<group>";
		};
		E10E5230227CB2A000501EDF /* Products */ = {
			isa = PBXGroup;
			children = (
				E10E522F227CB2A000501EDF /* StretchyHeader.app */,
			);
			name = Products;
			sourceTree = "<group>";
		};
		E10E5231227CB2A000501EDF /* StretchyHeader */ = {
			isa = PBXGroup;
			children = (
				E148F1F922D6925500D35395 /* App */,
				E148F1F822D6924A00D35395 /* Model */,
				E10E5234227CB2A100501EDF /* ViewController.swift */,
				E148F1F622D6615400D35395 /* NewsItemTableViewCell.swift */,
				E148F1FA22D6926C00D35395 /* Resources */,
			);
			path = StretchyHeader;
			sourceTree = "<group>";
		};
		E148F1F822D6924A00D35395 /* Model */ = {
			isa = PBXGroup;
			children = (
				E148F1F422D65ABC00D35395 /* NewsItem.swift */,
			);
			path = Model;
			sourceTree = "<group>";
		};
		E148F1F922D6925500D35395 /* App */ = {
			isa = PBXGroup;
			children = (
				E10E5232227CB2A000501EDF /* AppDelegate.swift */,
			);
			path = App;
			sourceTree = "<group>";
		};
		E148F1FA22D6926C00D35395 /* Resources */ = {
			isa = PBXGroup;
			children = (
				E10E5236227CB2A100501EDF /* Main.storyboard */,
				E10E5239227CB2A400501EDF /* Assets.xcassets */,
				E10E523B227CB2A400501EDF /* LaunchScreen.storyboard */,
				E10E523E227CB2A400501EDF /* Info.plist */,
			);
			path = Resources;
			sourceTree = "<group>";
		};
/* End PBXGroup section */

/* Begin PBXNativeTarget section */
		E10E522E227CB2A000501EDF /* StretchyHeader */ = {
			isa = PBXNativeTarget;
			buildConfigurationList = E10E5241227CB2A400501EDF /* Build configuration list for PBXNativeTarget "StretchyHeader" */;
			buildPhases = (
				E10E522B227CB2A000501EDF /* Sources */,
				E10E522C227CB2A000501EDF /* Frameworks */,
				E10E522D227CB2A000501EDF /* Resources */,
			);
			buildRules = (
			);
			dependencies = (
			);
			name = StretchyHeader;
			productName = StretchyHeader;
			productReference = E10E522F227CB2A000501EDF /* StretchyHeader.app */;
			productType = "com.apple.product-type.application";
		};
/* End PBXNativeTarget section */

/* Begin PBXProject section */
		E10E5227227CB2A000501EDF /* Project object */ = {
			isa = PBXProject;
			attributes = {
				LastSwiftUpdateCheck = 1000;
				LastUpgradeCheck = 1000;
				ORGANIZATIONNAME = "Tran Tuan Hai";
				TargetAttributes = {
					E10E522E227CB2A000501EDF = {
						CreatedOnToolsVersion = 10.0;
					};
				};
			};
			buildConfigurationList = E10E522A227CB2A000501EDF /* Build configuration list for PBXProject "StretchyHeader" */;
			compatibilityVersion = "Xcode 9.3";
			developmentRegion = en;
			hasScannedForEncodings = 0;
			knownRegions = (
				en,
				Base,
			);
			mainGroup = E10E5226227CB2A000501EDF;
			productRefGroup = E10E5230227CB2A000501EDF /* Products */;
			projectDirPath = "";
			projectRoot = "";
			targets = (
				E10E522E227CB2A000501EDF /* StretchyHeader */,
			);
		};
/* End PBXProject section */

/* Begin PBXResourcesBuildPhase section */
		E10E522D227CB2A000501EDF /* Resources */ = {
			isa = PBXResourcesBuildPhase;
			buildActionMask = 2147483647;
			files = (
				E10E523D227CB2A400501EDF /* LaunchScreen.storyboard in Resources */,
				E10E523A227CB2A400501EDF /* Assets.xcassets in Resources */,
				E10E5238227CB2A100501EDF /* Main.storyboard in Resources */,
			);
			runOnlyForDeploymentPostprocessing = 0;
		};
/* End PBXResourcesBuildPhase section */

/* Begin PBXSourcesBuildPhase section */
		E10E522B227CB2A000501EDF /* Sources */ = {
			isa = PBXSourcesBuildPhase;
			buildActionMask = 2147483647;
			files = (
				E10E5235227CB2A100501EDF /* ViewController.swift in Sources */,
				E148F1F722D6615400D35395 /* NewsItemTableViewCell.swift in Sources */,
				E148F1F522D65ABC00D35395 /* NewsItem.swift in Sources */,
				E10E5233227CB2A000501EDF /* AppDelegate.swift in Sources */,
			);
			runOnlyForDeploymentPostprocessing = 0;
		};
/* End PBXSourcesBuildPhase section */

/* Begin PBXVariantGroup section */
		E10E5236227CB2A100501EDF /* Main.storyboard */ = {
			isa = PBXVariantGroup;
			children = (
				E10E5237227CB2A100501EDF /* Base */,
			);
			name = Main.storyboard;
			sourceTree = "<group>";
		};
		E10E523B227CB2A400501EDF /* LaunchScreen.storyboard */ = {
			isa = PBXVariantGroup;
			children = (
				E10E523C227CB2A400501EDF /* Base */,
			);
			name = LaunchScreen.storyboard;
			sourceTree = "<group>";
		};
/* End PBXVariantGroup section */

/* Begin XCBuildConfiguration section */
		E10E523F227CB2A400501EDF /* Debug */ = {
			isa = XCBuildConfiguration;
			buildSettings = {
				ALWAYS_SEARCH_USER_PATHS = NO;
				CLANG_ANALYZER_NONNULL = YES;
				CLANG_ANALYZER_NUMBER_OBJECT_CONVERSION = YES_AGGRESSIVE;
				CLANG_CXX_LANGUAGE_STANDARD = "gnu++14";
				CLANG_CXX_LIBRARY = "libc++";
				CLANG_ENABLE_MODULES = YES;
				CLANG_ENABLE_OBJC_ARC = YES;
				CLANG_ENABLE_OBJC_WEAK = YES;
				CLANG_WARN_BLOCK_CAPTURE_AUTORELEASING = YES;
				CLANG_WARN_BOOL_CONVERSION = YES;
				CLANG_WARN_COMMA = YES;
				CLANG_WARN_CONSTANT_CONVERSION = YES;
				CLANG_WARN_DEPRECATED_OBJC_IMPLEMENTATIONS = YES;
				CLANG_WARN_DIRECT_OBJC_ISA_USAGE = YES_ERROR;
				CLANG_WARN_DOCUMENTATION_COMMENTS = YES;
				CLANG_WARN_EMPTY_BODY = YES;
				CLANG_WARN_ENUM_CONVERSION = YES;
				CLANG_WARN_INFINITE_RECURSION = YES;
				CLANG_WARN_INT_CONVERSION = YES;
				CLANG_WARN_NON_LITERAL_NULL_CONVERSION = YES;
				CLANG_WARN_OBJC_IMPLICIT_RETAIN_SELF = YES;
				CLANG_WARN_OBJC_LITERAL_CONVERSION = YES;
				CLANG_WARN_OBJC_ROOT_CLASS = YES_ERROR;
				CLANG_WARN_RANGE_LOOP_ANALYSIS = YES;
				CLANG_WARN_STRICT_PROTOTYPES = YES;
				CLANG_WARN_SUSPICIOUS_MOVE = YES;
				CLANG_WARN_UNGUARDED_AVAILABILITY = YES_AGGRESSIVE;
				CLANG_WARN_UNREACHABLE_CODE = YES;
				CLANG_WARN__DUPLICATE_METHOD_MATCH = YES;
				CODE_SIGN_IDENTITY = "iPhone Developer";
				COPY_PHASE_STRIP = NO;
				DEBUG_INFORMATION_FORMAT = dwarf;
				ENABLE_STRICT_OBJC_MSGSEND = YES;
				ENABLE_TESTABILITY = YES;
				GCC_C_LANGUAGE_STANDARD = gnu11;
				GCC_DYNAMIC_NO_PIC = NO;
				GCC_NO_COMMON_BLOCKS = YES;
				GCC_OPTIMIZATION_LEVEL = 0;
				GCC_PREPROCESSOR_DEFINITIONS = (
					"DEBUG=1",
					"$(inherited)",
				);
				GCC_WARN_64_TO_32_BIT_CONVERSION = YES;
				GCC_WARN_ABOUT_RETURN_TYPE = YES_ERROR;
				GCC_WARN_UNDECLARED_SELECTOR = YES;
				GCC_WARN_UNINITIALIZED_AUTOS = YES_AGGRESSIVE;
				GCC_WARN_UNUSED_FUNCTION = YES;
				GCC_WARN_UNUSED_VARIABLE = YES;
				IPHONEOS_DEPLOYMENT_TARGET = 12.0;
				MTL_ENABLE_DEBUG_INFO = INCLUDE_SOURCE;
				MTL_FAST_MATH = YES;
				ONLY_ACTIVE_ARCH = YES;
				SDKROOT = iphoneos;
				SWIFT_ACTIVE_COMPILATION_CONDITIONS = DEBUG;
				SWIFT_OPTIMIZATION_LEVEL = "-Onone";
			};
			name = Debug;
		};
		E10E5240227CB2A400501EDF /* Release */ = {
			isa = XCBuildConfiguration;
			buildSettings = {
				ALWAYS_SEARCH_USER_PATHS = NO;
				CLANG_ANALYZER_NONNULL = YES;
				CLANG_ANALYZER_NUMBER_OBJECT_CONVERSION = YES_AGGRESSIVE;
				CLANG_CXX_LANGUAGE_STANDARD = "gnu++14";
				CLANG_CXX_LIBRARY = "libc++";
				CLANG_ENABLE_MODULES = YES;
				CLANG_ENABLE_OBJC_ARC = YES;
				CLANG_ENABLE_OBJC_WEAK = YES;
				CLANG_WARN_BLOCK_CAPTURE_AUTORELEASING = YES;
				CLANG_WARN_BOOL_CONVERSION = YES;
				CLANG_WARN_COMMA = YES;
				CLANG_WARN_CONSTANT_CONVERSION = YES;
				CLANG_WARN_DEPRECATED_OBJC_IMPLEMENTATIONS = YES;
				CLANG_WARN_DIRECT_OBJC_ISA_USAGE = YES_ERROR;
				CLANG_WARN_DOCUMENTATION_COMMENTS = YES;
				CLANG_WARN_EMPTY_BODY = YES;
				CLANG_WARN_ENUM_CONVERSION = YES;
				CLANG_WARN_INFINITE_RECURSION = YES;
				CLANG_WARN_INT_CONVERSION = YES;
				CLANG_WARN_NON_LITERAL_NULL_CONVERSION = YES;
				CLANG_WARN_OBJC_IMPLICIT_RETAIN_SELF = YES;
				CLANG_WARN_OBJC_LITERAL_CONVERSION = YES;
				CLANG_WARN_OBJC_ROOT_CLASS = YES_ERROR;
				CLANG_WARN_RANGE_LOOP_ANALYSIS = YES;
				CLANG_WARN_STRICT_PROTOTYPES = YES;
				CLANG_WARN_SUSPICIOUS_MOVE = YES;
				CLANG_WARN_UNGUARDED_AVAILABILITY = YES_AGGRESSIVE;
				CLANG_WARN_UNREACHABLE_CODE = YES;
				CLANG_WARN__DUPLICATE_METHOD_MATCH = YES;
				CODE_SIGN_IDENTITY = "iPhone Developer";
				COPY_PHASE_STRIP = NO;
				DEBUG_INFORMATION_FORMAT = "dwarf-with-dsym";
				ENABLE_NS_ASSERTIONS = NO;
				ENABLE_STRICT_OBJC_MSGSEND = YES;
				GCC_C_LANGUAGE_STANDARD = gnu11;
				GCC_NO_COMMON_BLOCKS = YES;
				GCC_WARN_64_TO_32_BIT_CONVERSION = YES;
				GCC_WARN_ABOUT_RETURN_TYPE = YES_ERROR;
				GCC_WARN_UNDECLARED_SELECTOR = YES;
				GCC_WARN_UNINITIALIZED_AUTOS = YES_AGGRESSIVE;
				GCC_WARN_UNUSED_FUNCTION = YES;
				GCC_WARN_UNUSED_VARIABLE = YES;
				IPHONEOS_DEPLOYMENT_TARGET = 12.0;
				MTL_ENABLE_DEBUG_INFO = NO;
				MTL_FAST_MATH = YES;
				SDKROOT = iphoneos;
				SWIFT_COMPILATION_MODE = wholemodule;
				SWIFT_OPTIMIZATION_LEVEL = "-O";
				VALIDATE_PRODUCT = YES;
			};
			name = Release;
		};
		E10E5242227CB2A400501EDF /* Debug */ = {
			isa = XCBuildConfiguration;
			buildSettings = {
				ASSETCATALOG_COMPILER_APPICON_NAME = AppIcon;
				CODE_SIGN_STYLE = Automatic;
				INFOPLIST_FILE = "$(SRCROOT)/StretchyHeader/Resources/Info.plist";
				IPHONEOS_DEPLOYMENT_TARGET = 11.0;
				LD_RUNPATH_SEARCH_PATHS = (
					"$(inherited)",
					"@executable_path/Frameworks",
				);
				PRODUCT_BUNDLE_IDENTIFIER = com.tumblr.whoistuanhai.StretchyHeader;
				PRODUCT_NAME = "$(TARGET_NAME)";
				SWIFT_VERSION = 4.2;
				TARGETED_DEVICE_FAMILY = "1,2";
			};
			name = Debug;
		};
		E10E5243227CB2A400501EDF /* Release */ = {
			isa = XCBuildConfiguration;
			buildSettings = {
				ASSETCATALOG_COMPILER_APPICON_NAME = AppIcon;
				CODE_SIGN_STYLE = Automatic;
				INFOPLIST_FILE = "$(SRCROOT)/StretchyHeader/Resources/Info.plist";
				IPHONEOS_DEPLOYMENT_TARGET = 11.0;
				LD_RUNPATH_SEARCH_PATHS = (
					"$(inherited)",
					"@executable_path/Frameworks",
				);
				PRODUCT_BUNDLE_IDENTIFIER = com.tumblr.whoistuanhai.StretchyHeader;
				PRODUCT_NAME = "$(TARGET_NAME)";
				SWIFT_VERSION = 4.2;
				TARGETED_DEVICE_FAMILY = "1,2";
			};
			name = Release;
		};
/* End XCBuildConfiguration section */

/* Begin XCConfigurationList section */
		E10E522A227CB2A000501EDF /* Build configuration list for PBXProject "StretchyHeader" */ = {
			isa = XCConfigurationList;
			buildConfigurations = (
				E10E523F227CB2A400501EDF /* Debug */,
				E10E5240227CB2A400501EDF /* Release */,
			);
			defaultConfigurationIsVisible = 0;
			defaultConfigurationName = Release;
		};
		E10E5241227CB2A400501EDF /* Build configuration list for PBXNativeTarget "StretchyHeader" */ = {
			isa = XCConfigurationList;
			buildConfigurations = (
				E10E5242227CB2A400501EDF /* Debug */,
				E10E5243227CB2A400501EDF /* Release */,
			);
			defaultConfigurationIsVisible = 0;
			defaultConfigurationName = Release;
		};
/* End XCConfigurationList section */
	};
	rootObject = E10E5227227CB2A000501EDF /* Project object */;
}
